// !$*UTF8*$!
{
	archiveVersion = 1;
	classes = {
	};
	objectVersion = 51;
	objects = {

/* Begin PBXBuildFile section */
		758C2DFF266AEA8E003A9171 /* UsersViewController.swift in Sources */ = {isa = PBXBuildFile; fileRef = 758C2DFE266AEA8E003A9171 /* UsersViewController.swift */; };
		758C2E01266B6E4F003A9171 /* DataModel.swift in Sources */ = {isa = PBXBuildFile; fileRef = 758C2E00266B6E4F003A9171 /* DataModel.swift */; };
		758C2E7C26739AAB003A9171 /* Assessment.xcdatamodeld in Sources */ = {isa = PBXBuildFile; fileRef = 758C2E7A26739AAB003A9171 /* Assessment.xcdatamodeld */; };
		758C2E7E2673D16A003A9171 /* InternetConnectionManager.swift in Sources */ = {isa = PBXBuildFile; fileRef = 758C2E7D2673D16A003A9171 /* InternetConnectionManager.swift */; };
		758C2ED226744D31003A9171 /* WebSocket.swift in Sources */ = {isa = PBXBuildFile; fileRef = 758C2ED026744D30003A9171 /* WebSocket.swift */; };
		758C2ED526744D4A003A9171 /* libz.1.1.3.tbd in Frameworks */ = {isa = PBXBuildFile; fileRef = 758C2ED426744D4A003A9171 /* libz.1.1.3.tbd */; };
		759A12CB266B6503003CF63C /* TableViewCell.swift in Sources */ = {isa = PBXBuildFile; fileRef = 759A12CA266B6503003CF63C /* TableViewCell.swift */; };
		75DA10EC266A2D84006C7C31 /* AppDelegate.swift in Sources */ = {isa = PBXBuildFile; fileRef = 75DA10EB266A2D84006C7C31 /* AppDelegate.swift */; };
		75DA10EE266A2D84006C7C31 /* SceneDelegate.swift in Sources */ = {isa = PBXBuildFile; fileRef = 75DA10ED266A2D84006C7C31 /* SceneDelegate.swift */; };
		75DA10F0266A2D84006C7C31 /* ViewController.swift in Sources */ = {isa = PBXBuildFile; fileRef = 75DA10EF266A2D84006C7C31 /* ViewController.swift */; };
		75DA10F3266A2D84006C7C31 /* Main.storyboard in Resources */ = {isa = PBXBuildFile; fileRef = 75DA10F1266A2D84006C7C31 /* Main.storyboard */; };
		75DA10F5266A2D85006C7C31 /* Assets.xcassets in Resources */ = {isa = PBXBuildFile; fileRef = 75DA10F4266A2D85006C7C31 /* Assets.xcassets */; };
		75DA10F8266A2D85006C7C31 /* LaunchScreen.storyboard in Resources */ = {isa = PBXBuildFile; fileRef = 75DA10F6266A2D85006C7C31 /* LaunchScreen.storyboard */; };
		75DA1103266A2D86006C7C31 /* Abrar_AssessmentTests.swift in Sources */ = {isa = PBXBuildFile; fileRef = 75DA1102266A2D86006C7C31 /* Abrar_AssessmentTests.swift */; };
		75DA110E266A2D86006C7C31 /* Abrar_AssessmentUITests.swift in Sources */ = {isa = PBXBuildFile; fileRef = 75DA110D266A2D86006C7C31 /* Abrar_AssessmentUITests.swift */; };
/* End PBXBuildFile section */

/* Begin PBXContainerItemProxy section */
		75DA10FF266A2D86006C7C31 /* PBXContainerItemProxy */ = {
			isa = PBXContainerItemProxy;
			containerPortal = 75DA10E0266A2D84006C7C31 /* Project object */;
			proxyType = 1;
			remoteGlobalIDString = 75DA10E7266A2D84006C7C31;
			remoteInfo = Abrar_Assessment;
		};
		75DA110A266A2D86006C7C31 /* PBXContainerItemProxy */ = {
			isa = PBXContainerItemProxy;
			containerPortal = 75DA10E0266A2D84006C7C31 /* Project object */;
			proxyType = 1;
			remoteGlobalIDString = 75DA10E7266A2D84006C7C31;
			remoteInfo = Abrar_Assessment;
		};
/* End PBXContainerItemProxy section */

/* Begin PBXFileReference section */
		758C2DFE266AEA8E003A9171 /* UsersViewController.swift */ = {isa = PBXFileReference; lastKnownFileType = sourcecode.swift; path = UsersViewController.swift; sourceTree = "<group>"; };
		758C2E00266B6E4F003A9171 /* DataModel.swift */ = {isa = PBXFileReference; lastKnownFileType = sourcecode.swift; path = DataModel.swift; sourceTree = "<group>"; };
		758C2E7B26739AAB003A9171 /* Assessment.xcdatamodel */ = {isa = PBXFileReference; lastKnownFileType = wrapper.xcdatamodel; path = Assessment.xcdatamodel; sourceTree = "<group>"; };
		758C2E7D2673D16A003A9171 /* InternetConnectionManager.swift */ = {isa = PBXFileReference; lastKnownFileType = sourcecode.swift; path = InternetConnectionManager.swift; sourceTree = "<group>"; };
		758C2ED026744D30003A9171 /* WebSocket.swift */ = {isa = PBXFileReference; fileEncoding = 4; lastKnownFileType = sourcecode.swift; name = WebSocket.swift; path = "../../SwiftWebSocket-master-3/Source/WebSocket.swift"; sourceTree = "<group>"; };
		758C2ED126744D30003A9171 /* SwiftWebSocket.h */ = {isa = PBXFileReference; fileEncoding = 4; lastKnownFileType = sourcecode.c.h; name = SwiftWebSocket.h; path = "../../SwiftWebSocket-master-3/Source/SwiftWebSocket.h"; sourceTree = "<group>"; };
		758C2ED426744D4A003A9171 /* libz.1.1.3.tbd */ = {isa = PBXFileReference; lastKnownFileType = "sourcecode.text-based-dylib-definition"; name = libz.1.1.3.tbd; path = usr/lib/libz.1.1.3.tbd; sourceTree = SDKROOT; };
		759A12CA266B6503003CF63C /* TableViewCell.swift */ = {isa = PBXFileReference; lastKnownFileType = sourcecode.swift; path = TableViewCell.swift; sourceTree = "<group>"; };
		75DA10E8266A2D84006C7C31 /* Abrar_Assessment.app */ = {isa = PBXFileReference; explicitFileType = wrapper.application; includeInIndex = 0; path = Abrar_Assessment.app; sourceTree = BUILT_PRODUCTS_DIR; };
		75DA10EB266A2D84006C7C31 /* AppDelegate.swift */ = {isa = PBXFileReference; lastKnownFileType = sourcecode.swift; path = AppDelegate.swift; sourceTree = "<group>"; };
		75DA10ED266A2D84006C7C31 /* SceneDelegate.swift */ = {isa = PBXFileReference; lastKnownFileType = sourcecode.swift; path = SceneDelegate.swift; sourceTree = "<group>"; };
		75DA10EF266A2D84006C7C31 /* ViewController.swift */ = {isa = PBXFileReference; lastKnownFileType = sourcecode.swift; path = ViewController.swift; sourceTree = "<group>"; };
		75DA10F2266A2D84006C7C31 /* Base */ = {isa = PBXFileReference; lastKnownFileType = file.storyboard; name = Base; path = Base.lproj/Main.storyboard; sourceTree = "<group>"; };
		75DA10F4266A2D85006C7C31 /* Assets.xcassets */ = {isa = PBXFileReference; lastKnownFileType = folder.assetcatalog; path = Assets.xcassets; sourceTree = "<group>"; };
		75DA10F7266A2D85006C7C31 /* Base */ = {isa = PBXFileReference; lastKnownFileType = file.storyboard; name = Base; path = Base.lproj/LaunchScreen.storyboard; sourceTree = "<group>"; };
		75DA10F9266A2D85006C7C31 /* Info.plist */ = {isa = PBXFileReference; lastKnownFileType = text.plist.xml; path = Info.plist; sourceTree = "<group>"; };
		75DA10FE266A2D86006C7C31 /* Abrar_AssessmentTests.xctest */ = {isa = PBXFileReference; explicitFileType = wrapper.cfbundle; includeInIndex = 0; path = Abrar_AssessmentTests.xctest; sourceTree = BUILT_PRODUCTS_DIR; };
		75DA1102266A2D86006C7C31 /* Abrar_AssessmentTests.swift */ = {isa = PBXFileReference; lastKnownFileType = sourcecode.swift; path = Abrar_AssessmentTests.swift; sourceTree = "<group>"; };
		75DA1104266A2D86006C7C31 /* Info.plist */ = {isa = PBXFileReference; lastKnownFileType = text.plist.xml; path = Info.plist; sourceTree = "<group>"; };
		75DA1109266A2D86006C7C31 /* Abrar_AssessmentUITests.xctest */ = {isa = PBXFileReference; explicitFileType = wrapper.cfbundle; includeInIndex = 0; path = Abrar_AssessmentUITests.xctest; sourceTree = BUILT_PRODUCTS_DIR; };
		75DA110D266A2D86006C7C31 /* Abrar_AssessmentUITests.swift */ = {isa = PBXFileReference; lastKnownFileType = sourcecode.swift; path = Abrar_AssessmentUITests.swift; sourceTree = "<group>"; };
		75DA110F266A2D86006C7C31 /* Info.plist */ = {isa = PBXFileReference; lastKnownFileType = text.plist.xml; path = Info.plist; sourceTree = "<group>"; };
/* End PBXFileReference section */

/* Begin PBXFrameworksBuildPhase section */
		75DA10E5266A2D84006C7C31 /* Frameworks */ = {
			isa = PBXFrameworksBuildPhase;
			buildActionMask = 2147483647;
			files = (
				758C2ED526744D4A003A9171 /* libz.1.1.3.tbd in Frameworks */,
			);
			runOnlyForDeploymentPostprocessing = 0;
		};
		75DA10FB266A2D86006C7C31 /* Frameworks */ = {
			isa = PBXFrameworksBuildPhase;
			buildActionMask = 2147483647;
			files = (
			);
			runOnlyForDeploymentPostprocessing = 0;
		};
		75DA1106266A2D86006C7C31 /* Frameworks */ = {
			isa = PBXFrameworksBuildPhase;
			buildActionMask = 2147483647;
			files = (
			);
			runOnlyForDeploymentPostprocessing = 0;
		};
/* End PBXFrameworksBuildPhase section */

/* Begin PBXGroup section */
		758C2ED326744D4A003A9171 /* Frameworks */ = {
			isa = PBXGroup;
			children = (
				758C2ED426744D4A003A9171 /* libz.1.1.3.tbd */,
			);
			name = Frameworks;
			sourceTree = "<group>";
		};
		75DA10DF266A2D84006C7C31 = {
			isa = PBXGroup;
			children = (
				75DA10EA266A2D84006C7C31 /* Abrar_Assessment */,
				75DA1101266A2D86006C7C31 /* Abrar_AssessmentTests */,
				75DA110C266A2D86006C7C31 /* Abrar_AssessmentUITests */,
				75DA10E9266A2D84006C7C31 /* Products */,
				758C2ED326744D4A003A9171 /* Frameworks */,
			);
			sourceTree = "<group>";
		};
		75DA10E9266A2D84006C7C31 /* Products */ = {
			isa = PBXGroup;
			children = (
				75DA10E8266A2D84006C7C31 /* Abrar_Assessment.app */,
				75DA10FE266A2D86006C7C31 /* Abrar_AssessmentTests.xctest */,
				75DA1109266A2D86006C7C31 /* Abrar_AssessmentUITests.xctest */,
			);
			name = Products;
			sourceTree = "<group>";
		};
		75DA10EA266A2D84006C7C31 /* Abrar_Assessment */ = {
			isa = PBXGroup;
			children = (
				758C2ED126744D30003A9171 /* SwiftWebSocket.h */,
				758C2ED026744D30003A9171 /* WebSocket.swift */,
				75DA10EB266A2D84006C7C31 /* AppDelegate.swift */,
				75DA10ED266A2D84006C7C31 /* SceneDelegate.swift */,
				75DA10EF266A2D84006C7C31 /* ViewController.swift */,
				758C2E7A26739AAB003A9171 /* Assessment.xcdatamodeld */,
				75DA10F1266A2D84006C7C31 /* Main.storyboard */,
				75DA10F4266A2D85006C7C31 /* Assets.xcassets */,
				75DA10F6266A2D85006C7C31 /* LaunchScreen.storyboard */,
				75DA10F9266A2D85006C7C31 /* Info.plist */,
				758C2DFE266AEA8E003A9171 /* UsersViewController.swift */,
				759A12CA266B6503003CF63C /* TableViewCell.swift */,
				758C2E00266B6E4F003A9171 /* DataModel.swift */,
				758C2E7D2673D16A003A9171 /* InternetConnectionManager.swift */,
			);
			path = Abrar_Assessment;
			sourceTree = "<group>";
		};
		75DA1101266A2D86006C7C31 /* Abrar_AssessmentTests */ = {
			isa = PBXGroup;
			children = (
				75DA1102266A2D86006C7C31 /* Abrar_AssessmentTests.swift */,
				75DA1104266A2D86006C7C31 /* Info.plist */,
			);
			path = Abrar_AssessmentTests;
			sourceTree = "<group>";
		};
		75DA110C266A2D86006C7C31 /* Abrar_AssessmentUITests */ = {
			isa = PBXGroup;
			children = (
				75DA110D266A2D86006C7C31 /* Abrar_AssessmentUITests.swift */,
				75DA110F266A2D86006C7C31 /* Info.plist */,
			);
			path = Abrar_AssessmentUITests;
			sourceTree = "<group>";
		};
/* End PBXGroup section */

/* Begin PBXNativeTarget section */
		75DA10E7266A2D84006C7C31 /* Abrar_Assessment */ = {
			isa = PBXNativeTarget;
			buildConfigurationList = 75DA1112266A2D86006C7C31 /* Build configuration list for PBXNativeTarget "Abrar_Assessment" */;
			buildPhases = (
				9C17D018672720D02EC04C23 /* [CP] Check Pods Manifest.lock */,
				75DA10E4266A2D84006C7C31 /* Sources */,
				75DA10E5266A2D84006C7C31 /* Frameworks */,
				75DA10E6266A2D84006C7C31 /* Resources */,
			);
			buildRules = (
			);
			dependencies = (
			);
			name = Abrar_Assessment;
			productName = Abrar_Assessment;
			productReference = 75DA10E8266A2D84006C7C31 /* Abrar_Assessment.app */;
			productType = "com.apple.product-type.application";
		};
		75DA10FD266A2D86006C7C31 /* Abrar_AssessmentTests */ = {
			isa = PBXNativeTarget;
			buildConfigurationList = 75DA1115266A2D86006C7C31 /* Build configuration list for PBXNativeTarget "Abrar_AssessmentTests" */;
			buildPhases = (
				560B2276CF9CCAEECA7B9B2D /* [CP] Check Pods Manifest.lock */,
				75DA10FA266A2D86006C7C31 /* Sources */,
				75DA10FB266A2D86006C7C31 /* Frameworks */,
				75DA10FC266A2D86006C7C31 /* Resources */,
			);
			buildRules = (
			);
			dependencies = (
				75DA1100266A2D86006C7C31 /* PBXTargetDependency */,
			);
			name = Abrar_AssessmentTests;
			productName = Abrar_AssessmentTests;
			productReference = 75DA10FE266A2D86006C7C31 /* Abrar_AssessmentTests.xctest */;
			productType = "com.apple.product-type.bundle.unit-test";
		};
		75DA1108266A2D86006C7C31 /* Abrar_AssessmentUITests */ = {
			isa = PBXNativeTarget;
			buildConfigurationList = 75DA1118266A2D86006C7C31 /* Build configuration list for PBXNativeTarget "Abrar_AssessmentUITests" */;
			buildPhases = (
				32413F25CCBD61C743764678 /* [CP] Check Pods Manifest.lock */,
				75DA1105266A2D86006C7C31 /* Sources */,
				75DA1106266A2D86006C7C31 /* Frameworks */,
				75DA1107266A2D86006C7C31 /* Resources */,
				4812B5788A4D1662C208FF2F /* [CP] Embed Pods Frameworks */,
			);
			buildRules = (
			);
			dependencies = (
				75DA110B266A2D86006C7C31 /* PBXTargetDependency */,
			);
			name = Abrar_AssessmentUITests;
			productName = Abrar_AssessmentUITests;
			productReference = 75DA1109266A2D86006C7C31 /* Abrar_AssessmentUITests.xctest */;
			productType = "com.apple.product-type.bundle.ui-testing";
		};
/* End PBXNativeTarget section */

/* Begin PBXProject section */
		75DA10E0266A2D84006C7C31 /* Project object */ = {
			isa = PBXProject;
			attributes = {
				LastSwiftUpdateCheck = 1250;
				LastUpgradeCheck = 1250;
				TargetAttributes = {
					75DA10E7266A2D84006C7C31 = {
						CreatedOnToolsVersion = 12.5;
					};
					75DA10FD266A2D86006C7C31 = {
						CreatedOnToolsVersion = 12.5;
						TestTargetID = 75DA10E7266A2D84006C7C31;
					};
					75DA1108266A2D86006C7C31 = {
						CreatedOnToolsVersion = 12.5;
						TestTargetID = 75DA10E7266A2D84006C7C31;
					};
				};
			};
			buildConfigurationList = 75DA10E3266A2D84006C7C31 /* Build configuration list for PBXProject "Abrar_Assessment" */;
			compatibilityVersion = "Xcode 9.3";
			developmentRegion = en;
			hasScannedForEncodings = 0;
			knownRegions = (
				en,
				Base,
			);
			mainGroup = 75DA10DF266A2D84006C7C31;
			productRefGroup = 75DA10E9266A2D84006C7C31 /* Products */;
			projectDirPath = "";
			projectRoot = "";
			targets = (
				75DA10E7266A2D84006C7C31 /* Abrar_Assessment */,
				75DA10FD266A2D86006C7C31 /* Abrar_AssessmentTests */,
				75DA1108266A2D86006C7C31 /* Abrar_AssessmentUITests */,
			);
		};
/* End PBXProject section */

/* Begin PBXResourcesBuildPhase section */
		75DA10E6266A2D84006C7C31 /* Resources */ = {
			isa = PBXResourcesBuildPhase;
			buildActionMask = 2147483647;
			files = (
				75DA10F8266A2D85006C7C31 /* LaunchScreen.storyboard in Resources */,
				75DA10F5266A2D85006C7C31 /* Assets.xcassets in Resources */,
				75DA10F3266A2D84006C7C31 /* Main.storyboard in Resources */,
			);
			runOnlyForDeploymentPostprocessing = 0;
		};
		75DA10FC266A2D86006C7C31 /* Resources */ = {
			isa = PBXResourcesBuildPhase;
			buildActionMask = 2147483647;
			files = (
			);
			runOnlyForDeploymentPostprocessing = 0;
		};
		75DA1107266A2D86006C7C31 /* Resources */ = {
			isa = PBXResourcesBuildPhase;
			buildActionMask = 2147483647;
			files = (
			);
			runOnlyForDeploymentPostprocessing = 0;
		};
/* End PBXResourcesBuildPhase section */

/* Begin PBXShellScriptBuildPhase section */
		32413F25CCBD61C743764678 /* [CP] Check Pods Manifest.lock */ = {
			isa = PBXShellScriptBuildPhase;
			buildActionMask = 2147483647;
			files = (
			);
			inputFileListPaths = (
			);
			inputPaths = (
				"${PODS_PODFILE_DIR_PATH}/Podfile.lock",
				"${PODS_ROOT}/Manifest.lock",
			);
			name = "[CP] Check Pods Manifest.lock";
			outputFileListPaths = (
			);
			outputPaths = (
				"$(DERIVED_FILE_DIR)/Pods-Abrar_Assessment-Abrar_AssessmentUITests-checkManifestLockResult.txt",
			);
			runOnlyForDeploymentPostprocessing = 0;
			shellPath = /bin/sh;
			shellScript = "diff \"${PODS_PODFILE_DIR_PATH}/Podfile.lock\" \"${PODS_ROOT}/Manifest.lock\" > /dev/null\nif [ $? != 0 ] ; then\n    # print error to STDERR\n    echo \"error: The sandbox is not in sync with the Podfile.lock. Run 'pod install' or update your CocoaPods installation.\" >&2\n    exit 1\nfi\n# This output is used by Xcode 'outputs' to avoid re-running this script phase.\necho \"SUCCESS\" > \"${SCRIPT_OUTPUT_FILE_0}\"\n";
			showEnvVarsInLog = 0;
		};
		4812B5788A4D1662C208FF2F /* [CP] Embed Pods Frameworks */ = {
			isa = PBXShellScriptBuildPhase;
			buildActionMask = 2147483647;
			files = (
			);
			inputFileListPaths = (
				"${PODS_ROOT}/Target Support Files/Pods-Abrar_Assessment-Abrar_AssessmentUITests/Pods-Abrar_Assessment-Abrar_AssessmentUITests-frameworks-${CONFIGURATION}-input-files.xcfilelist",
			);
			name = "[CP] Embed Pods Frameworks";
			outputFileListPaths = (
				"${PODS_ROOT}/Target Support Files/Pods-Abrar_Assessment-Abrar_AssessmentUITests/Pods-Abrar_Assessment-Abrar_AssessmentUITests-frameworks-${CONFIGURATION}-output-files.xcfilelist",
			);
			runOnlyForDeploymentPostprocessing = 0;
			shellPath = /bin/sh;
			shellScript = "\"${PODS_ROOT}/Target Support Files/Pods-Abrar_Assessment-Abrar_AssessmentUITests/Pods-Abrar_Assessment-Abrar_AssessmentUITests-frameworks.sh\"\n";
			showEnvVarsInLog = 0;
		};
		560B2276CF9CCAEECA7B9B2D /* [CP] Check Pods Manifest.lock */ = {
			isa = PBXShellScriptBuildPhase;
			buildActionMask = 2147483647;
			files = (
			);
			inputFileListPaths = (
			);
			inputPaths = (
				"${PODS_PODFILE_DIR_PATH}/Podfile.lock",
				"${PODS_ROOT}/Manifest.lock",
			);
			name = "[CP] Check Pods Manifest.lock";
			outputFileListPaths = (
			);
			outputPaths = (
				"$(DERIVED_FILE_DIR)/Pods-Abrar_AssessmentTests-checkManifestLockResult.txt",
			);
			runOnlyForDeploymentPostprocessing = 0;
			shellPath = /bin/sh;
			shellScript = "diff \"${PODS_PODFILE_DIR_PATH}/Podfile.lock\" \"${PODS_ROOT}/Manifest.lock\" > /dev/null\nif [ $? != 0 ] ; then\n    # print error to STDERR\n    echo \"error: The sandbox is not in sync with the Podfile.lock. Run 'pod install' or update your CocoaPods installation.\" >&2\n    exit 1\nfi\n# This output is used by Xcode 'outputs' to avoid re-running this script phase.\necho \"SUCCESS\" > \"${SCRIPT_OUTPUT_FILE_0}\"\n";
			showEnvVarsInLog = 0;
		};
		9C17D018672720D02EC04C23 /* [CP] Check Pods Manifest.lock */ = {
			isa = PBXShellScriptBuildPhase;
			buildActionMask = 2147483647;
			files = (
			);
			inputFileListPaths = (
			);
			inputPaths = (
			);
			name = "[CP] Check Pods Manifest.lock";
			outputFileListPaths = (
			);
			outputPaths = (
				"$(DERIVED_FILE_DIR)/Pods-Abrar_Assessment-checkManifestLockResult.txt",
			);
			runOnlyForDeploymentPostprocessing = 0;
			shellPath = /bin/sh;
			shellScript = "
";
			showEnvVarsInLog = 0;
		};
/* End PBXShellScriptBuildPhase section */

/* Begin PBXSourcesBuildPhase section */
		75DA10E4266A2D84006C7C31 /* Sources */ = {
			isa = PBXSourcesBuildPhase;
			buildActionMask = 2147483647;
			files = (
				758C2E7C26739AAB003A9171 /* Assessment.xcdatamodeld in Sources */,
				759A12CB266B6503003CF63C /* TableViewCell.swift in Sources */,
				75DA10F0266A2D84006C7C31 /* ViewController.swift in Sources */,
				758C2DFF266AEA8E003A9171 /* UsersViewController.swift in Sources */,
				75DA10EC266A2D84006C7C31 /* AppDelegate.swift in Sources */,
				75DA10EE266A2D84006C7C31 /* SceneDelegate.swift in Sources */,
				758C2E7E2673D16A003A9171 /* InternetConnectionManager.swift in Sources */,
				758C2ED226744D31003A9171 /* WebSocket.swift in Sources */,
				758C2E01266B6E4F003A9171 /* DataModel.swift in Sources */,
			);
			runOnlyForDeploymentPostprocessing = 0;
		};
		75DA10FA266A2D86006C7C31 /* Sources */ = {
			isa = PBXSourcesBuildPhase;
			buildActionMask = 2147483647;
			files = (
				75DA1103266A2D86006C7C31 /* Abrar_AssessmentTests.swift in Sources */,
			);
			runOnlyForDeploymentPostprocessing = 0;
		};
		75DA1105266A2D86006C7C31 /* Sources */ = {
			isa = PBXSourcesBuildPhase;
			buildActionMask = 2147483647;
			files = (
				75DA110E266A2D86006C7C31 /* Abrar_AssessmentUITests.swift in Sources */,
			);
			runOnlyForDeploymentPostprocessing = 0;
		};
/* End PBXSourcesBuildPhase section */

/* Begin PBXTargetDependency section */
		75DA1100266A2D86006C7C31 /* PBXTargetDependency */ = {
			isa = PBXTargetDependency;
			target = 75DA10E7266A2D84006C7C31 /* Abrar_Assessment */;
			targetProxy = 75DA10FF266A2D86006C7C31 /* PBXContainerItemProxy */;
		};
		75DA110B266A2D86006C7C31 /* PBXTargetDependency */ = {
			isa = PBXTargetDependency;
			target = 75DA10E7266A2D84006C7C31 /* Abrar_Assessment */;
			targetProxy = 75DA110A266A2D86006C7C31 /* PBXContainerItemProxy */;
		};
/* End PBXTargetDependency section */

/* Begin PBXVariantGroup section */
		75DA10F1266A2D84006C7C31 /* Main.storyboard */ = {
			isa = PBXVariantGroup;
			children = (
				75DA10F2266A2D84006C7C31 /* Base */,
			);
			name = Main.storyboard;
			sourceTree = "<group>";
		};
		75DA10F6266A2D85006C7C31 /* LaunchScreen.storyboard */ = {
			isa = PBXVariantGroup;
			children = (
				75DA10F7266A2D85006C7C31 /* Base */,
			);
			name = LaunchScreen.storyboard;
			sourceTree = "<group>";
		};
/* End PBXVariantGroup section */

/* Begin XCBuildConfiguration section */
		75DA1110266A2D86006C7C31 /* Debug */ = {
			isa = XCBuildConfiguration;
			buildSettings = {
				ALWAYS_SEARCH_USER_PATHS = NO;
				CLANG_ANALYZER_NONNULL = YES;
				CLANG_ANALYZER_NUMBER_OBJECT_CONVERSION = YES_AGGRESSIVE;
				CLANG_CXX_LANGUAGE_STANDARD = "gnu++14";
				CLANG_CXX_LIBRARY = "libc++";
				CLANG_ENABLE_MODULES = YES;
				CLANG_ENABLE_OBJC_ARC = YES;
				CLANG_ENABLE_OBJC_WEAK = YES;
				CLANG_WARN_BLOCK_CAPTURE_AUTORELEASING = YES;
				CLANG_WARN_BOOL_CONVERSION = YES;
				CLANG_WARN_COMMA = YES;
				CLANG_WARN_CONSTANT_CONVERSION = YES;
				CLANG_WARN_DEPRECATED_OBJC_IMPLEMENTATIONS = YES;
				CLANG_WARN_DIRECT_OBJC_ISA_USAGE = YES_ERROR;
				CLANG_WARN_DOCUMENTATION_COMMENTS = YES;
				CLANG_WARN_EMPTY_BODY = YES;
				CLANG_WARN_ENUM_CONVERSION = YES;
				CLANG_WARN_INFINITE_RECURSION = YES;
				CLANG_WARN_INT_CONVERSION = YES;
				CLANG_WARN_NON_LITERAL_NULL_CONVERSION = YES;
				CLANG_WARN_OBJC_IMPLICIT_RETAIN_SELF = YES;
				CLANG_WARN_OBJC_LITERAL_CONVERSION = YES;
				CLANG_WARN_OBJC_ROOT_CLASS = YES_ERROR;
				CLANG_WARN_QUOTED_INCLUDE_IN_FRAMEWORK_HEADER = YES;
				CLANG_WARN_RANGE_LOOP_ANALYSIS = YES;
				CLANG_WARN_STRICT_PROTOTYPES = YES;
				CLANG_WARN_SUSPICIOUS_MOVE = YES;
				CLANG_WARN_UNGUARDED_AVAILABILITY = YES_AGGRESSIVE;
				CLANG_WARN_UNREACHABLE_CODE = YES;
				CLANG_WARN__DUPLICATE_METHOD_MATCH = YES;
				COPY_PHASE_STRIP = NO;
				DEBUG_INFORMATION_FORMAT = dwarf;
				ENABLE_STRICT_OBJC_MSGSEND = YES;
				ENABLE_TESTABILITY = YES;
				GCC_C_LANGUAGE_STANDARD = gnu11;
				GCC_DYNAMIC_NO_PIC = NO;
				GCC_NO_COMMON_BLOCKS = YES;
				GCC_OPTIMIZATION_LEVEL = 0;
				GCC_PREPROCESSOR_DEFINITIONS = (
					"DEBUG=1",
					"$(inherited)",
				);
				GCC_WARN_64_TO_32_BIT_CONVERSION = YES;
				GCC_WARN_ABOUT_RETURN_TYPE = YES_ERROR;
				GCC_WARN_UNDECLARED_SELECTOR = YES;
				GCC_WARN_UNINITIALIZED_AUTOS = YES_AGGRESSIVE;
				GCC_WARN_UNUSED_FUNCTION = YES;
				GCC_WARN_UNUSED_VARIABLE = YES;
				IPHONEOS_DEPLOYMENT_TARGET = 14.5;
				MTL_ENABLE_DEBUG_INFO = INCLUDE_SOURCE;
				MTL_FAST_MATH = YES;
				ONLY_ACTIVE_ARCH = YES;
				SDKROOT = iphoneos;
				SWIFT_ACTIVE_COMPILATION_CONDITIONS = DEBUG;
				SWIFT_OPTIMIZATION_LEVEL = "-Onone";
			};
			name = Debug;
		};
		75DA1111266A2D86006C7C31 /* Release */ = {
			isa = XCBuildConfiguration;
			buildSettings = {
				ALWAYS_SEARCH_USER_PATHS = NO;
				CLANG_ANALYZER_NONNULL = YES;
				CLANG_ANALYZER_NUMBER_OBJECT_CONVERSION = YES_AGGRESSIVE;
				CLANG_CXX_LANGUAGE_STANDARD = "gnu++14";
				CLANG_CXX_LIBRARY = "libc++";
				CLANG_ENABLE_MODULES = YES;
				CLANG_ENABLE_OBJC_ARC = YES;
				CLANG_ENABLE_OBJC_WEAK = YES;
				CLANG_WARN_BLOCK_CAPTURE_AUTORELEASING = YES;
				CLANG_WARN_BOOL_CONVERSION = YES;
				CLANG_WARN_COMMA = YES;
				CLANG_WARN_CONSTANT_CONVERSION = YES;
				CLANG_WARN_DEPRECATED_OBJC_IMPLEMENTATIONS = YES;
				CLANG_WARN_DIRECT_OBJC_ISA_USAGE = YES_ERROR;
				CLANG_WARN_DOCUMENTATION_COMMENTS = YES;
				CLANG_WARN_EMPTY_BODY = YES;
				CLANG_WARN_ENUM_CONVERSION = YES;
				CLANG_WARN_INFINITE_RECURSION = YES;
				CLANG_WARN_INT_CONVERSION = YES;
				CLANG_WARN_NON_LITERAL_NULL_CONVERSION = YES;
				CLANG_WARN_OBJC_IMPLICIT_RETAIN_SELF = YES;
				CLANG_WARN_OBJC_LITERAL_CONVERSION = YES;
				CLANG_WARN_OBJC_ROOT_CLASS = YES_ERROR;
				CLANG_WARN_QUOTED_INCLUDE_IN_FRAMEWORK_HEADER = YES;
				CLANG_WARN_RANGE_LOOP_ANALYSIS = YES;
				CLANG_WARN_STRICT_PROTOTYPES = YES;
				CLANG_WARN_SUSPICIOUS_MOVE = YES;
				CLANG_WARN_UNGUARDED_AVAILABILITY = YES_AGGRESSIVE;
				CLANG_WARN_UNREACHABLE_CODE = YES;
				CLANG_WARN__DUPLICATE_METHOD_MATCH = YES;
				COPY_PHASE_STRIP = NO;
				DEBUG_INFORMATION_FORMAT = "dwarf-with-dsym";
				ENABLE_NS_ASSERTIONS = NO;
				ENABLE_STRICT_OBJC_MSGSEND = YES;
				GCC_C_LANGUAGE_STANDARD = gnu11;
				GCC_NO_COMMON_BLOCKS = YES;
				GCC_WARN_64_TO_32_BIT_CONVERSION = YES;
				GCC_WARN_ABOUT_RETURN_TYPE = YES_ERROR;
				GCC_WARN_UNDECLARED_SELECTOR = YES;
				GCC_WARN_UNINITIALIZED_AUTOS = YES_AGGRESSIVE;
				GCC_WARN_UNUSED_FUNCTION = YES;
				GCC_WARN_UNUSED_VARIABLE = YES;
				IPHONEOS_DEPLOYMENT_TARGET = 14.5;
				MTL_ENABLE_DEBUG_INFO = NO;
				MTL_FAST_MATH = YES;
				SDKROOT = iphoneos;
				SWIFT_COMPILATION_MODE = wholemodule;
				SWIFT_OPTIMIZATION_LEVEL = "-O";
				VALIDATE_PRODUCT = YES;
			};
			name = Release;
		};
		75DA1113266A2D86006C7C31 /* Debug */ = {
			isa = XCBuildConfiguration;
			buildSettings = {
				ASSETCATALOG_COMPILER_APPICON_NAME = AppIcon;
				ASSETCATALOG_COMPILER_GLOBAL_ACCENT_COLOR_NAME = AccentColor;
				CODE_SIGN_STYLE = Automatic;
				DEVELOPMENT_TEAM = 8F4BAH4RYR;
				INFOPLIST_FILE = Abrar_Assessment/Info.plist;
				LD_RUNPATH_SEARCH_PATHS = (
					"$(inherited)",
					"@executable_path/Frameworks",
				);
				PRODUCT_BUNDLE_IDENTIFIER = "com.Assessment.Abrar-Assessment";
				PRODUCT_NAME = "$(TARGET_NAME)";
				SWIFT_VERSION = 5.0;
				TARGETED_DEVICE_FAMILY = "1,2";
			};
			name = Debug;
		};
		75DA1114266A2D86006C7C31 /* Release */ = {
			isa = XCBuildConfiguration;
			buildSettings = {
				ASSETCATALOG_COMPILER_APPICON_NAME = AppIcon;
				ASSETCATALOG_COMPILER_GLOBAL_ACCENT_COLOR_NAME = AccentColor;
				CODE_SIGN_STYLE = Automatic;
				DEVELOPMENT_TEAM = 8F4BAH4RYR;
				INFOPLIST_FILE = Abrar_Assessment/Info.plist;
				LD_RUNPATH_SEARCH_PATHS = (
					"$(inherited)",
					"@executable_path/Frameworks",
				);
				PRODUCT_BUNDLE_IDENTIFIER = "com.Assessment.Abrar-Assessment";
				PRODUCT_NAME = "$(TARGET_NAME)";
				SWIFT_VERSION = 5.0;
				TARGETED_DEVICE_FAMILY = "1,2";
			};
			name = Release;
		};
		75DA1116266A2D86006C7C31 /* Debug */ = {
			isa = XCBuildConfiguration;
			buildSettings = {
				ALWAYS_EMBED_SWIFT_STANDARD_LIBRARIES = YES;
				BUNDLE_LOADER = "$(TEST_HOST)";
				CODE_SIGN_STYLE = Automatic;
				DEVELOPMENT_TEAM = 8F4BAH4RYR;
				INFOPLIST_FILE = Abrar_AssessmentTests/Info.plist;
				IPHONEOS_DEPLOYMENT_TARGET = 14.5;
				LD_RUNPATH_SEARCH_PATHS = (
					"$(inherited)",
					"@executable_path/Frameworks",
					"@loader_path/Frameworks",
				);
				PRODUCT_BUNDLE_IDENTIFIER = "com.Assessment.Abrar-AssessmentTests";
				PRODUCT_NAME = "$(TARGET_NAME)";
				SWIFT_VERSION = 5.0;
				TARGETED_DEVICE_FAMILY = "1,2";
				TEST_HOST = "$(BUILT_PRODUCTS_DIR)/Abrar_Assessment.app/Abrar_Assessment";
			};
			name = Debug;
		};
		75DA1117266A2D86006C7C31 /* Release */ = {
			isa = XCBuildConfiguration;
			buildSettings = {
				ALWAYS_EMBED_SWIFT_STANDARD_LIBRARIES = YES;
				BUNDLE_LOADER = "$(TEST_HOST)";
				CODE_SIGN_STYLE = Automatic;
				DEVELOPMENT_TEAM = 8F4BAH4RYR;
				INFOPLIST_FILE = Abrar_AssessmentTests/Info.plist;
				IPHONEOS_DEPLOYMENT_TARGET = 14.5;
				LD_RUNPATH_SEARCH_PATHS = (
					"$(inherited)",
					"@executable_path/Frameworks",
					"@loader_path/Frameworks",
				);
				PRODUCT_BUNDLE_IDENTIFIER = "com.Assessment.Abrar-AssessmentTests";
				PRODUCT_NAME = "$(TARGET_NAME)";
				SWIFT_VERSION = 5.0;
				TARGETED_DEVICE_FAMILY = "1,2";
				TEST_HOST = "$(BUILT_PRODUCTS_DIR)/Abrar_Assessment.app/Abrar_Assessment";
			};
			name = Release;
		};
		75DA1119266A2D86006C7C31 /* Debug */ = {
			isa = XCBuildConfiguration;
			buildSettings = {
				ALWAYS_EMBED_SWIFT_STANDARD_LIBRARIES = YES;
				CODE_SIGN_STYLE = Automatic;
				DEVELOPMENT_TEAM = 8F4BAH4RYR;
				INFOPLIST_FILE = Abrar_AssessmentUITests/Info.plist;
				LD_RUNPATH_SEARCH_PATHS = (
					"$(inherited)",
					"@executable_path/Frameworks",
					"@loader_path/Frameworks",
				);
				PRODUCT_BUNDLE_IDENTIFIER = "com.Assessment.Abrar-AssessmentUITests";
				PRODUCT_NAME = "$(TARGET_NAME)";
				SWIFT_VERSION = 5.0;
				TARGETED_DEVICE_FAMILY = "1,2";
				TEST_TARGET_NAME = Abrar_Assessment;
			};
			name = Debug;
		};
		75DA111A266A2D86006C7C31 /* Release */ = {
			isa = XCBuildConfiguration;
			buildSettings = {
				ALWAYS_EMBED_SWIFT_STANDARD_LIBRARIES = YES;
				CODE_SIGN_STYLE = Automatic;
				DEVELOPMENT_TEAM = 8F4BAH4RYR;
				INFOPLIST_FILE = Abrar_AssessmentUITests/Info.plist;
				LD_RUNPATH_SEARCH_PATHS = (
					"$(inherited)",
					"@executable_path/Frameworks",
					"@loader_path/Frameworks",
				);
				PRODUCT_BUNDLE_IDENTIFIER = "com.Assessment.Abrar-AssessmentUITests";
				PRODUCT_NAME = "$(TARGET_NAME)";
				SWIFT_VERSION = 5.0;
				TARGETED_DEVICE_FAMILY = "1,2";
				TEST_TARGET_NAME = Abrar_Assessment;
			};
			name = Release;
		};
/* End XCBuildConfiguration section */

/* Begin XCConfigurationList section */
		75DA10E3266A2D84006C7C31 /* Build configuration list for PBXProject "Abrar_Assessment" */ = {
			isa = XCConfigurationList;
			buildConfigurations = (
				75DA1110266A2D86006C7C31 /* Debug */,
				75DA1111266A2D86006C7C31 /* Release */,
			);
			defaultConfigurationIsVisible = 0;
			defaultConfigurationName = Release;
		};
		75DA1112266A2D86006C7C31 /* Build configuration list for PBXNativeTarget "Abrar_Assessment" */ = {
			isa = XCConfigurationList;
			buildConfigurations = (
				75DA1113266A2D86006C7C31 /* Debug */,
				75DA1114266A2D86006C7C31 /* Release */,
			);
			defaultConfigurationIsVisible = 0;
			defaultConfigurationName = Release;
		};
		75DA1115266A2D86006C7C31 /* Build configuration list for PBXNativeTarget "Abrar_AssessmentTests" */ = {
			isa = XCConfigurationList;
			buildConfigurations = (
				75DA1116266A2D86006C7C31 /* Debug */,
				75DA1117266A2D86006C7C31 /* Release */,
			);
			defaultConfigurationIsVisible = 0;
			defaultConfigurationName = Release;
		};
		75DA1118266A2D86006C7C31 /* Build configuration list for PBXNativeTarget "Abrar_AssessmentUITests" */ = {
			isa = XCConfigurationList;
			buildConfigurations = (
				75DA1119266A2D86006C7C31 /* Debug */,
				75DA111A266A2D86006C7C31 /* Release */,
			);
			defaultConfigurationIsVisible = 0;
			defaultConfigurationName = Release;
		};
/* End XCConfigurationList section */

/* Begin XCVersionGroup section */
		758C2E7A26739AAB003A9171 /* Assessment.xcdatamodeld */ = {
			isa = XCVersionGroup;
			children = (
				758C2E7B26739AAB003A9171 /* Assessment.xcdatamodel */,
			);
			currentVersion = 758C2E7B26739AAB003A9171 /* Assessment.xcdatamodel */;
			path = Assessment.xcdatamodeld;
			sourceTree = "<group>";
			versionGroupType = wrapper.xcdatamodel;
		};
/* End XCVersionGroup section */
	};
	rootObject = 75DA10E0266A2D84006C7C31 /* Project object */;
}
